
Microsoft Visual Studio Solution File, Format Version 12.00
# Visual Studio Version 16
VisualStudioVersion = 16.0.29411.138
MinimumVisualStudioVersion = 10.0.40219.1
Project("{9A19103F-16F7-4668-BE54-9A1E7A4F7556}") = "CurrencyConverterApi", "CurrencyConverterApi\CurrencyConverterApi.csproj", "{5AAD4A8F-EC49-4A33-B42A-B32BC22F1215}"
EndProject
Project("{FAE04EC0-301F-11D3-BF4B-00C04F79EFBC}") = "CurrencyConverterLibrary", "CurrencyConverterLibrary\CurrencyConverterLibrary.csproj", "{F1751312-1337-4663-8677-D63EE7C670D4}"
EndProject
Global
	GlobalSection(SolutionConfigurationPlatforms) = preSolution
		Debug|Any CPU = Debug|Any CPU
		Release|Any CPU = Release|Any CPU
	EndGlobalSection
	GlobalSection(ProjectConfigurationPlatforms) = postSolution
		{5AAD4A8F-EC49-4A33-B42A-B32BC22F1215}.Debug|Any CPU.ActiveCfg = Debug|Any CPU
		{5AAD4A8F-EC49-4A33-B42A-B32BC22F1215}.Debug|Any CPU.Build.0 = Debug|Any CPU
		{5AAD4A8F-EC49-4A33-B42A-B32BC22F1215}.Release|Any CPU.ActiveCfg = Release|Any CPU
		{5AAD4A8F-EC49-4A33-B42A-B32BC22F1215}.Release|Any CPU.Build.0 = Release|Any CPU
		{F1751312-1337-4663-8677-D63EE7C670D4}.Debug|Any CPU.ActiveCfg = Debug|Any CPU
		{F1751312-1337-4663-8677-D63EE7C670D4}.Debug|Any CPU.Build.0 = Debug|Any CPU
		{F1751312-1337-4663-8677-D63EE7C670D4}.Release|Any CPU.ActiveCfg = Release|Any CPU
		{F1751312-1337-4663-8677-D63EE7C670D4}.Release|Any CPU.Build.0 = Release|Any CPU
	EndGlobalSection
	GlobalSection(SolutionProperties) = preSolution
		HideSolutionNode = FALSE
	EndGlobalSection
	GlobalSection(ExtensibilityGlobals) = postSolution
		SolutionGuid = {C53014A4-1CB2-4000-8DAD-5B83764049CB}
	EndGlobalSection
EndGlobal
